{
  "name": "script",
  "version": "1.0.0",
  "lockfileVersion": 1,
  "requires": true,
  "dependencies": {
    "@prisma/client": {
      "version": "2.21.2",
      "resolved": "https://registry.npmjs.org/@prisma/client/-/client-2.21.2.tgz",
      "integrity": "sha512-UjkOXYpxLuHyoMDsP2m0LTcxhrjQa1dEOLFe3aDrO/BLrs/2yUxyPdtwSKxizRXFzuXSGkKIK225vcjZRuMpAg==",
      "requires": {
        "@prisma/engines-version": "2.21.0-36.e421996c87d5f3c8f7eeadd502d4ad402c89464d"
      }
    },
    "@prisma/engines": {
      "version": "2.21.0-36.e421996c87d5f3c8f7eeadd502d4ad402c89464d",
      "resolved": "https://registry.npmjs.org/@prisma/engines/-/engines-2.21.0-36.e421996c87d5f3c8f7eeadd502d4ad402c89464d.tgz",
      "integrity": "sha512-L57tvSoom2GDWDqik4wrAUBvLTAv5MTm2OOzNMBKsv0w5cX7ONoZ8KnGQN+csmdJpQVBs93dIvIBm72OO+l/9Q=="
    },
    "@prisma/engines-version": {
      "version": "2.21.0-36.e421996c87d5f3c8f7eeadd502d4ad402c89464d",
      "resolved": "https://registry.npmjs.org/@prisma/engines-version/-/engines-version-2.21.0-36.e421996c87d5f3c8f7eeadd502d4ad402c89464d.tgz",
      "integrity": "sha512-9/fE1gdPWmjbMjXUJjrTMt848TsgEnSjZCcJ1wu9OAcRlAKKJBLehftqC3gSEShDijvMYgeTdGU5snMpwmv4vg=="
    },
    "prisma": {
      "version": "2.21.2",
      "resolved": "https://registry.npmjs.org/prisma/-/prisma-2.21.2.tgz",
      "integrity": "sha512-Ux9ovDIUHsMNLGLtuo6BBKCuuBVLpZmhM2LXF+VBUQvsbmsVfp3u5CRyHGEqaZqMibYQJISy7YZYF/RgozHKkQ==",
      "requires": {
        "@prisma/engines": "2.21.0-36.e421996c87d5f3c8f7eeadd502d4ad402c89464d"
      }
    }
  }
}
